
Microsoft Visual Studio Solution File, Format Version 12.00
# Visual Studio 2012
Project("{FAE04EC0-301F-11D3-BF4B-00C04F79EFBC}") = "storefinal", "storefinal\storefinal.csproj", "{FFCE975C-424C-4267-9F5B-06285834E4BF}"
EndProject
Global
	GlobalSection(SolutionConfigurationPlatforms) = preSolution
		Debug|Any CPU = Debug|Any CPU
		Release|Any CPU = Release|Any CPU
	EndGlobalSection
	GlobalSection(ProjectConfigurationPlatforms) = postSolution
		{FFCE975C-424C-4267-9F5B-06285834E4BF}.Debug|Any CPU.ActiveCfg = Debug|Any CPU
		{FFCE975C-424C-4267-9F5B-06285834E4BF}.Debug|Any CPU.Build.0 = Debug|Any CPU
		{FFCE975C-424C-4267-9F5B-06285834E4BF}.Release|Any CPU.ActiveCfg = Release|Any CPU
		{FFCE975C-424C-4267-9F5B-06285834E4BF}.Release|Any CPU.Build.0 = Release|Any CPU
	EndGlobalSection
	GlobalSection(SolutionProperties) = preSolution
		HideSolutionNode = FALSE
	EndGlobalSection
EndGlobal
